
Microsoft Visual Studio Solution File, Format Version 12.00
# Visual Studio 2015
Project("{FAE04EC0-301F-11D3-BF4B-00C04F79EFBC}") = "3d_Horror_Game.CSharp.Plugins", "3d_Horror_Game.CSharp.Plugins.csproj", "{C050C434-58C2-8CFC-2A71-227E083E3C16}"
EndProject
Project("{FAE04EC0-301F-11D3-BF4B-00C04F79EFBC}") = "3d_Horror_Game.CSharp", "3d_Horror_Game.CSharp.csproj", "{E9DE7E7A-A5FE-5F69-8A97-E76C29A885D5}"
EndProject
Project("{FAE04EC0-301F-11D3-BF4B-00C04F79EFBC}") = "3d_Horror_Game.CSharp.Editor", "3d_Horror_Game.CSharp.Editor.csproj", "{B8336EF9-D21D-2572-C2FC-844357EA19C4}"
EndProject
Global
	GlobalSection(SolutionConfigurationPlatforms) = preSolution
		Debug|Any CPU = Debug|Any CPU
		Release|Any CPU = Release|Any CPU
	EndGlobalSection
	GlobalSection(ProjectConfigurationPlatforms) = postSolution
		{C050C434-58C2-8CFC-2A71-227E083E3C16}.Debug|Any CPU.ActiveCfg = Debug|Any CPU
		{C050C434-58C2-8CFC-2A71-227E083E3C16}.Debug|Any CPU.Build.0 = Debug|Any CPU
		{C050C434-58C2-8CFC-2A71-227E083E3C16}.Release|Any CPU.ActiveCfg = Release|Any CPU
		{C050C434-58C2-8CFC-2A71-227E083E3C16}.Release|Any CPU.Build.0 = Release|Any CPU
		{E9DE7E7A-A5FE-5F69-8A97-E76C29A885D5}.Debug|Any CPU.ActiveCfg = Debug|Any CPU
		{E9DE7E7A-A5FE-5F69-8A97-E76C29A885D5}.Debug|Any CPU.Build.0 = Debug|Any CPU
		{E9DE7E7A-A5FE-5F69-8A97-E76C29A885D5}.Release|Any CPU.ActiveCfg = Release|Any CPU
		{E9DE7E7A-A5FE-5F69-8A97-E76C29A885D5}.Release|Any CPU.Build.0 = Release|Any CPU
		{B8336EF9-D21D-2572-C2FC-844357EA19C4}.Debug|Any CPU.ActiveCfg = Debug|Any CPU
		{B8336EF9-D21D-2572-C2FC-844357EA19C4}.Debug|Any CPU.Build.0 = Debug|Any CPU
		{B8336EF9-D21D-2572-C2FC-844357EA19C4}.Release|Any CPU.ActiveCfg = Release|Any CPU
		{B8336EF9-D21D-2572-C2FC-844357EA19C4}.Release|Any CPU.Build.0 = Release|Any CPU
	EndGlobalSection
	GlobalSection(SolutionProperties) = preSolution
		HideSolutionNode = FALSE
	EndGlobalSection
EndGlobal
